
Microsoft Visual Studio Solution File, Format Version 12.00
# Visual Studio 15
VisualStudioVersion = 15.0.28307.329
MinimumVisualStudioVersion = 10.0.40219.1
Project("{FAE04EC0-301F-11D3-BF4B-00C04F79EFBC}") = "PlutoTover_UnitTestProject", "PlutoTover_UnitTestProject\PlutoTover_UnitTestProject.csproj", "{34CDBDD5-AB7C-4FD5-A516-43A08A632A0B}"
EndProject
Global
	GlobalSection(SolutionConfigurationPlatforms) = preSolution
		Debug|Any CPU = Debug|Any CPU
		Release|Any CPU = Release|Any CPU
	EndGlobalSection
	GlobalSection(ProjectConfigurationPlatforms) = postSolution
		{34CDBDD5-AB7C-4FD5-A516-43A08A632A0B}.Debug|Any CPU.ActiveCfg = Debug|Any CPU
		{34CDBDD5-AB7C-4FD5-A516-43A08A632A0B}.Debug|Any CPU.Build.0 = Debug|Any CPU
		{34CDBDD5-AB7C-4FD5-A516-43A08A632A0B}.Release|Any CPU.ActiveCfg = Release|Any CPU
		{34CDBDD5-AB7C-4FD5-A516-43A08A632A0B}.Release|Any CPU.Build.0 = Release|Any CPU
	EndGlobalSection
	GlobalSection(SolutionProperties) = preSolution
		HideSolutionNode = FALSE
	EndGlobalSection
	GlobalSection(ExtensibilityGlobals) = postSolution
		SolutionGuid = {DBE383EA-D7BE-4FF3-8D63-6073BAA430DE}
	EndGlobalSection
EndGlobal
